
Microsoft Visual Studio Solution File, Format Version 12.00
# Visual Studio Version 17
VisualStudioVersion = 17.0.31919.166
MinimumVisualStudioVersion = 10.0.40219.1
Project("{FAE04EC0-301F-11D3-BF4B-00C04F79EFBC}") = "Step02", "Step02\Step02.csproj", "{6968817A-3D17-4BDF-8D5A-110884467BCE}"
EndProject
Global
	GlobalSection(SolutionConfigurationPlatforms) = preSolution
		Debug|Any CPU = Debug|Any CPU
		Release|Any CPU = Release|Any CPU
	EndGlobalSection
	GlobalSection(ProjectConfigurationPlatforms) = postSolution
		{6968817A-3D17-4BDF-8D5A-110884467BCE}.Debug|Any CPU.ActiveCfg = Debug|Any CPU
		{6968817A-3D17-4BDF-8D5A-110884467BCE}.Debug|Any CPU.Build.0 = Debug|Any CPU
		{6968817A-3D17-4BDF-8D5A-110884467BCE}.Release|Any CPU.ActiveCfg = Release|Any CPU
		{6968817A-3D17-4BDF-8D5A-110884467BCE}.Release|Any CPU.Build.0 = Release|Any CPU
	EndGlobalSection
	GlobalSection(SolutionProperties) = preSolution
		HideSolutionNode = FALSE
	EndGlobalSection
	GlobalSection(ExtensibilityGlobals) = postSolution
		SolutionGuid = {CB9BBF3E-0C33-41CB-9C1C-16338354D055}
	EndGlobalSection
EndGlobal
