
Microsoft Visual Studio Solution File, Format Version 12.00
# Visual Studio Version 17
VisualStudioVersion = 17.0.31919.166
MinimumVisualStudioVersion = 10.0.40219.1
Project("{FAE04EC0-301F-11D3-BF4B-00C04F79EFBC}") = "Step06", "Step06\Step06.csproj", "{8E889882-2342-443B-8729-904A2A1B3D1C}"
EndProject
Global
	GlobalSection(SolutionConfigurationPlatforms) = preSolution
		Debug|Any CPU = Debug|Any CPU
		Release|Any CPU = Release|Any CPU
	EndGlobalSection
	GlobalSection(ProjectConfigurationPlatforms) = postSolution
		{8E889882-2342-443B-8729-904A2A1B3D1C}.Debug|Any CPU.ActiveCfg = Debug|Any CPU
		{8E889882-2342-443B-8729-904A2A1B3D1C}.Debug|Any CPU.Build.0 = Debug|Any CPU
		{8E889882-2342-443B-8729-904A2A1B3D1C}.Release|Any CPU.ActiveCfg = Release|Any CPU
		{8E889882-2342-443B-8729-904A2A1B3D1C}.Release|Any CPU.Build.0 = Release|Any CPU
	EndGlobalSection
	GlobalSection(SolutionProperties) = preSolution
		HideSolutionNode = FALSE
	EndGlobalSection
	GlobalSection(ExtensibilityGlobals) = postSolution
		SolutionGuid = {748EC8EC-D942-427B-92E8-667DF11200F5}
	EndGlobalSection
EndGlobal
